// !$*UTF8*$!
{
	archiveVersion = 1;
	classes = {
	};
	objectVersion = 46;
	objects = {

/* Begin PBXBuildFile section */
		4714A88C1E3FDF7E00D8CB1D /* libPods-iGitHub.a in Frameworks */ = {isa = PBXBuildFile; fileRef = 4714A8861E3FDEF700D8CB1D /* libPods-iGitHub.a */; };
		471F48CE1E3697FD00C680AA /* main.m in Sources */ = {isa = PBXBuildFile; fileRef = 471F48CD1E3697FD00C680AA /* main.m */; };
		471F48D11E3697FD00C680AA /* AppDelegate.m in Sources */ = {isa = PBXBuildFile; fileRef = 471F48D01E3697FD00C680AA /* AppDelegate.m */; };
		471F48D41E3697FD00C680AA /* HomeViewController.m in Sources */ = {isa = PBXBuildFile; fileRef = 471F48D31E3697FD00C680AA /* HomeViewController.m */; };
		471F48D71E3697FD00C680AA /* Main.storyboard in Resources */ = {isa = PBXBuildFile; fileRef = 471F48D51E3697FD00C680AA /* Main.storyboard */; };
		471F48DA1E3697FE00C680AA /* iGitHub.xcdatamodeld in Sources */ = {isa = PBXBuildFile; fileRef = 471F48D81E3697FE00C680AA /* iGitHub.xcdatamodeld */; };
		471F48DC1E3697FE00C680AA /* Assets.xcassets in Resources */ = {isa = PBXBuildFile; fileRef = 471F48DB1E3697FE00C680AA /* Assets.xcassets */; };
		471F48DF1E3697FE00C680AA /* LaunchScreen.storyboard in Resources */ = {isa = PBXBuildFile; fileRef = 471F48DD1E3697FE00C680AA /* LaunchScreen.storyboard */; };
		4767192F1E3BE3E6006B9344 /* GetInfoViewController.m in Sources */ = {isa = PBXBuildFile; fileRef = 4767192E1E3BE3E6006B9344 /* GetInfoViewController.m */; };
		478052D51E52367300417D06 /* CoreData.framework in Frameworks */ = {isa = PBXBuildFile; fileRef = 478052D41E52367300417D06 /* CoreData.framework */; };
		478370F91E4E52150005F587 /* AppUtility.m in Sources */ = {isa = PBXBuildFile; fileRef = 478370F81E4E52150005F587 /* AppUtility.m */; };
		479223821E421F1500674AFB /* ReposTableViewCell.m in Sources */ = {isa = PBXBuildFile; fileRef = 479223801E421F1500674AFB /* ReposTableViewCell.m */; };
		479223831E421F1500674AFB /* ReposTableViewCell.xib in Resources */ = {isa = PBXBuildFile; fileRef = 479223811E421F1500674AFB /* ReposTableViewCell.xib */; };
		479223881E421F7600674AFB /* RepoTableViewController.m in Sources */ = {isa = PBXBuildFile; fileRef = 479223861E421F7600674AFB /* RepoTableViewController.m */; };
		479223891E421F7600674AFB /* RepoTableViewController.xib in Resources */ = {isa = PBXBuildFile; fileRef = 479223871E421F7600674AFB /* RepoTableViewController.xib */; };
		4792238C1E4220A000674AFB /* Repo.m in Sources */ = {isa = PBXBuildFile; fileRef = 4792238B1E4220A000674AFB /* Repo.m */; };
		47AE002E1E3FE8F10037824C /* User.m in Sources */ = {isa = PBXBuildFile; fileRef = 47AE002D1E3FE8F10037824C /* User.m */; };
/* End PBXBuildFile section */

/* Begin PBXContainerItemProxy section */
		4714A8831E3FDEF700D8CB1D /* PBXContainerItemProxy */ = {
			isa = PBXContainerItemProxy;
			containerPortal = 4714A87E1E3FDEF700D8CB1D /* Pods.xcodeproj */;
			proxyType = 2;
			remoteGlobalIDString = A9267EF5B7F0CA5A009AC8B7939B5BB3;
			remoteInfo = AFNetworking;
		};
		4714A8851E3FDEF700D8CB1D /* PBXContainerItemProxy */ = {
			isa = PBXContainerItemProxy;
			containerPortal = 4714A87E1E3FDEF700D8CB1D /* Pods.xcodeproj */;
			proxyType = 2;
			remoteGlobalIDString = D1668308C43DC73758FE90BD038B6FC4;
			remoteInfo = "Pods-iGitHub";
		};
/* End PBXContainerItemProxy section */

/* Begin PBXFileReference section */
		04200B732057E4AD0B935F03 /* Pods-iGitHub.debug.xcconfig */ = {isa = PBXFileReference; includeInIndex = 1; lastKnownFileType = text.xcconfig; name = "Pods-iGitHub.debug.xcconfig"; path = "Pods/Target Support Files/Pods-iGitHub/Pods-iGitHub.debug.xcconfig"; sourceTree = "<group>"; };
		3B3BADB170D62637BB0EC63A /* Pods-iGitHub.release.xcconfig */ = {isa = PBXFileReference; includeInIndex = 1; lastKnownFileType = text.xcconfig; name = "Pods-iGitHub.release.xcconfig"; path = "Pods/Target Support Files/Pods-iGitHub/Pods-iGitHub.release.xcconfig"; sourceTree = "<group>"; };
		4714A8641E3FDED600D8CB1D /* AFHTTPSessionManager.h */ = {isa = PBXFileReference; lastKnownFileType = sourcecode.c.h; name = AFHTTPSessionManager.h; path = Pods/AFNetworking/AFNetworking/AFHTTPSessionManager.h; sourceTree = "<group>"; };
		4714A8651E3FDED600D8CB1D /* AFHTTPSessionManager.m */ = {isa = PBXFileReference; lastKnownFileType = sourcecode.c.objc; name = AFHTTPSessionManager.m; path = Pods/AFNetworking/AFNetworking/AFHTTPSessionManager.m; sourceTree = "<group>"; };
		4714A8661E3FDED600D8CB1D /* AFNetworking.h */ = {isa = PBXFileReference; lastKnownFileType = sourcecode.c.h; name = AFNetworking.h; path = Pods/AFNetworking/AFNetworking/AFNetworking.h; sourceTree = "<group>"; };
		4714A8671E3FDED600D8CB1D /* AFNetworkReachabilityManager.h */ = {isa = PBXFileReference; lastKnownFileType = sourcecode.c.h; name = AFNetworkReachabilityManager.h; path = Pods/AFNetworking/AFNetworking/AFNetworkReachabilityManager.h; sourceTree = "<group>"; };
		4714A8681E3FDED600D8CB1D /* AFNetworkReachabilityManager.m */ = {isa = PBXFileReference; lastKnownFileType = sourcecode.c.objc; name = AFNetworkReachabilityManager.m; path = Pods/AFNetworking/AFNetworking/AFNetworkReachabilityManager.m; sourceTree = "<group>"; };
		4714A8691E3FDED600D8CB1D /* AFSecurityPolicy.h */ = {isa = PBXFileReference; lastKnownFileType = sourcecode.c.h; name = AFSecurityPolicy.h; path = Pods/AFNetworking/AFNetworking/AFSecurityPolicy.h; sourceTree = "<group>"; };
		4714A86A1E3FDED600D8CB1D /* AFSecurityPolicy.m */ = {isa = PBXFileReference; lastKnownFileType = sourcecode.c.objc; name = AFSecurityPolicy.m; path = Pods/AFNetworking/AFNetworking/AFSecurityPolicy.m; sourceTree = "<group>"; };
		4714A86B1E3FDED600D8CB1D /* AFURLRequestSerialization.h */ = {isa = PBXFileReference; lastKnownFileType = sourcecode.c.h; name = AFURLRequestSerialization.h; path = Pods/AFNetworking/AFNetworking/AFURLRequestSerialization.h; sourceTree = "<group>"; };
		4714A86C1E3FDED600D8CB1D /* AFURLRequestSerialization.m */ = {isa = PBXFileReference; lastKnownFileType = sourcecode.c.objc; name = AFURLRequestSerialization.m; path = Pods/AFNetworking/AFNetworking/AFURLRequestSerialization.m; sourceTree = "<group>"; };
		4714A86D1E3FDED600D8CB1D /* AFURLResponseSerialization.h */ = {isa = PBXFileReference; lastKnownFileType = sourcecode.c.h; name = AFURLResponseSerialization.h; path = Pods/AFNetworking/AFNetworking/AFURLResponseSerialization.h; sourceTree = "<group>"; };
		4714A86E1E3FDED600D8CB1D /* AFURLResponseSerialization.m */ = {isa = PBXFileReference; lastKnownFileType = sourcecode.c.objc; name = AFURLResponseSerialization.m; path = Pods/AFNetworking/AFNetworking/AFURLResponseSerialization.m; sourceTree = "<group>"; };
		4714A86F1E3FDED600D8CB1D /* AFURLSessionManager.h */ = {isa = PBXFileReference; lastKnownFileType = sourcecode.c.h; name = AFURLSessionManager.h; path = Pods/AFNetworking/AFNetworking/AFURLSessionManager.h; sourceTree = "<group>"; };
		4714A8701E3FDED600D8CB1D /* AFURLSessionManager.m */ = {isa = PBXFileReference; lastKnownFileType = sourcecode.c.objc; name = AFURLSessionManager.m; path = Pods/AFNetworking/AFNetworking/AFURLSessionManager.m; sourceTree = "<group>"; };
		4714A87E1E3FDEF700D8CB1D /* Pods.xcodeproj */ = {isa = PBXFileReference; lastKnownFileType = "wrapper.pb-project"; name = Pods.xcodeproj; path = Pods/Pods.xcodeproj; sourceTree = "<group>"; };
		471F48C91E3697FD00C680AA /* iGitHub.app */ = {isa = PBXFileReference; explicitFileType = wrapper.application; includeInIndex = 0; path = iGitHub.app; sourceTree = BUILT_PRODUCTS_DIR; };
		471F48CD1E3697FD00C680AA /* main.m */ = {isa = PBXFileReference; lastKnownFileType = sourcecode.c.objc; path = main.m; sourceTree = "<group>"; };
		471F48CF1E3697FD00C680AA /* AppDelegate.h */ = {isa = PBXFileReference; lastKnownFileType = sourcecode.c.h; path = AppDelegate.h; sourceTree = "<group>"; };
		471F48D01E3697FD00C680AA /* AppDelegate.m */ = {isa = PBXFileReference; lastKnownFileType = sourcecode.c.objc; path = AppDelegate.m; sourceTree = "<group>"; };
		471F48D21E3697FD00C680AA /* HomeViewController.h */ = {isa = PBXFileReference; lastKnownFileType = sourcecode.c.h; path = HomeViewController.h; sourceTree = "<group>"; };
		471F48D31E3697FD00C680AA /* HomeViewController.m */ = {isa = PBXFileReference; lastKnownFileType = sourcecode.c.objc; path = HomeViewController.m; sourceTree = "<group>"; };
		471F48D61E3697FD00C680AA /* Base */ = {isa = PBXFileReference; lastKnownFileType = file.storyboard; name = Base; path = Base.lproj/Main.storyboard; sourceTree = "<group>"; };
		471F48D91E3697FE00C680AA /* iGitHub.xcdatamodel */ = {isa = PBXFileReference; lastKnownFileType = wrapper.xcdatamodel; path = iGitHub.xcdatamodel; sourceTree = "<group>"; };
		471F48DB1E3697FE00C680AA /* Assets.xcassets */ = {isa = PBXFileReference; lastKnownFileType = folder.assetcatalog; path = Assets.xcassets; sourceTree = "<group>"; };
		471F48DE1E3697FE00C680AA /* Base */ = {isa = PBXFileReference; lastKnownFileType = file.storyboard; name = Base; path = Base.lproj/LaunchScreen.storyboard; sourceTree = "<group>"; };
		471F48E01E3697FE00C680AA /* Info.plist */ = {isa = PBXFileReference; lastKnownFileType = text.plist.xml; path = Info.plist; sourceTree = "<group>"; };
		4767192D1E3BE3E6006B9344 /* GetInfoViewController.h */ = {isa = PBXFileReference; fileEncoding = 4; lastKnownFileType = sourcecode.c.h; path = GetInfoViewController.h; sourceTree = "<group>"; };
		4767192E1E3BE3E6006B9344 /* GetInfoViewController.m */ = {isa = PBXFileReference; fileEncoding = 4; lastKnownFileType = sourcecode.c.objc; path = GetInfoViewController.m; sourceTree = "<group>"; };
		478052D41E52367300417D06 /* CoreData.framework */ = {isa = PBXFileReference; lastKnownFileType = wrapper.framework; name = CoreData.framework; path = System/Library/Frameworks/CoreData.framework; sourceTree = SDKROOT; };
		478370F21E4E3A330005F587 /* ConstantsUtil.h */ = {isa = PBXFileReference; lastKnownFileType = sourcecode.c.h; path = ConstantsUtil.h; sourceTree = "<group>"; };
		478370F81E4E52150005F587 /* AppUtility.m */ = {isa = PBXFileReference; fileEncoding = 4; lastKnownFileType = sourcecode.c.objc; path = AppUtility.m; sourceTree = "<group>"; };
		478370FA1E4E52B10005F587 /* AppUtility.h */ = {isa = PBXFileReference; lastKnownFileType = sourcecode.c.h; path = AppUtility.h; sourceTree = "<group>"; };
		4792237F1E421F1500674AFB /* ReposTableViewCell.h */ = {isa = PBXFileReference; fileEncoding = 4; lastKnownFileType = sourcecode.c.h; path = ReposTableViewCell.h; sourceTree = "<group>"; };
		479223801E421F1500674AFB /* ReposTableViewCell.m */ = {isa = PBXFileReference; fileEncoding = 4; lastKnownFileType = sourcecode.c.objc; path = ReposTableViewCell.m; sourceTree = "<group>"; };
		479223811E421F1500674AFB /* ReposTableViewCell.xib */ = {isa = PBXFileReference; fileEncoding = 4; lastKnownFileType = file.xib; path = ReposTableViewCell.xib; sourceTree = "<group>"; };
		479223851E421F7600674AFB /* RepoTableViewController.h */ = {isa = PBXFileReference; fileEncoding = 4; lastKnownFileType = sourcecode.c.h; path = RepoTableViewController.h; sourceTree = "<group>"; };
		479223861E421F7600674AFB /* RepoTableViewController.m */ = {isa = PBXFileReference; fileEncoding = 4; lastKnownFileType = sourcecode.c.objc; path = RepoTableViewController.m; sourceTree = "<group>"; };
		479223871E421F7600674AFB /* RepoTableViewController.xib */ = {isa = PBXFileReference; fileEncoding = 4; lastKnownFileType = file.xib; path = RepoTableViewController.xib; sourceTree = "<group>"; };
		4792238A1E4220A000674AFB /* Repo.h */ = {isa = PBXFileReference; fileEncoding = 4; lastKnownFileType = sourcecode.c.h; path = Repo.h; sourceTree = "<group>"; };
		4792238B1E4220A000674AFB /* Repo.m */ = {isa = PBXFileReference; fileEncoding = 4; lastKnownFileType = sourcecode.c.objc; path = Repo.m; sourceTree = "<group>"; };
		47AE002D1E3FE8F10037824C /* User.m */ = {isa = PBXFileReference; fileEncoding = 4; lastKnownFileType = sourcecode.c.objc; path = User.m; sourceTree = "<group>"; };
		47AE002F1E3FE9110037824C /* User.h */ = {isa = PBXFileReference; lastKnownFileType = sourcecode.c.h; path = User.h; sourceTree = "<group>"; };
		CDD0ABBF2A474521A21FE28D /* libPods-iGitHub.a */ = {isa = PBXFileReference; explicitFileType = archive.ar; includeInIndex = 0; path = "libPods-iGitHub.a"; sourceTree = BUILT_PRODUCTS_DIR; };
/* End PBXFileReference section */

/* Begin PBXFrameworksBuildPhase section */
		471F48C61E3697FD00C680AA /* Frameworks */ = {
			isa = PBXFrameworksBuildPhase;
			buildActionMask = 2147483647;
			files = (
				478052D51E52367300417D06 /* CoreData.framework in Frameworks */,
				4714A88C1E3FDF7E00D8CB1D /* libPods-iGitHub.a in Frameworks */,
			);
			runOnlyForDeploymentPostprocessing = 0;
		};
/* End PBXFrameworksBuildPhase section */

/* Begin PBXGroup section */
		4714A87F1E3FDEF700D8CB1D /* Products */ = {
			isa = PBXGroup;
			children = (
				4714A8841E3FDEF700D8CB1D /* libAFNetworking.a */,
				4714A8861E3FDEF700D8CB1D /* libPods-iGitHub.a */,
			);
			name = Products;
			sourceTree = "<group>";
		};
		471F48C01E3697FD00C680AA = {
			isa = PBXGroup;
			children = (
				471F48CB1E3697FD00C680AA /* iGitHub */,
				471F48CA1E3697FD00C680AA /* Products */,
				94755C22B9FC01F8EEFE0726 /* Pods */,
				F333BA0A6056E2EA4A5D3017 /* Frameworks */,
			);
			sourceTree = "<group>";
		};
		471F48CA1E3697FD00C680AA /* Products */ = {
			isa = PBXGroup;
			children = (
				471F48C91E3697FD00C680AA /* iGitHub.app */,
			);
			name = Products;
			sourceTree = "<group>";
		};
		471F48CB1E3697FD00C680AA /* iGitHub */ = {
			isa = PBXGroup;
			children = (
				478370FB1E4E53CB0005F587 /* Category */,
				471F48CF1E3697FD00C680AA /* AppDelegate.h */,
				471F48D01E3697FD00C680AA /* AppDelegate.m */,
				471F48D51E3697FD00C680AA /* Main.storyboard */,
				471F48DB1E3697FE00C680AA /* Assets.xcassets */,
				471F48DD1E3697FE00C680AA /* LaunchScreen.storyboard */,
				471F48E01E3697FE00C680AA /* Info.plist */,
				471F48D81E3697FE00C680AA /* iGitHub.xcdatamodeld */,
				47AE002C1E3FE8BE0037824C /* models */,
				4767192C1E3BE2CF006B9344 /* new group */,
				47AE00281E3FE5420037824C /* utility */,
				471F48CC1E3697FD00C680AA /* Supporting Files */,
			);
			path = iGitHub;
			sourceTree = "<group>";
		};
		471F48CC1E3697FD00C680AA /* Supporting Files */ = {
			isa = PBXGroup;
			children = (
				471F48CD1E3697FD00C680AA /* main.m */,
			);
			name = "Supporting Files";
			sourceTree = "<group>";
		};
		4767192C1E3BE2CF006B9344 /* new group */ = {
			isa = PBXGroup;
			children = (
				471F48D21E3697FD00C680AA /* HomeViewController.h */,
				471F48D31E3697FD00C680AA /* HomeViewController.m */,
				4767192D1E3BE3E6006B9344 /* GetInfoViewController.h */,
				4767192E1E3BE3E6006B9344 /* GetInfoViewController.m */,
				4792237F1E421F1500674AFB /* ReposTableViewCell.h */,
				479223801E421F1500674AFB /* ReposTableViewCell.m */,
				479223811E421F1500674AFB /* ReposTableViewCell.xib */,
				479223851E421F7600674AFB /* RepoTableViewController.h */,
				479223861E421F7600674AFB /* RepoTableViewController.m */,
				479223871E421F7600674AFB /* RepoTableViewController.xib */,
			);
			name = "new group";
			sourceTree = "<group>";
		};
		478370FB1E4E53CB0005F587 /* Category */ = {
			isa = PBXGroup;
			children = (
			);
			name = Category;
			sourceTree = "<group>";
		};
		47AE00281E3FE5420037824C /* utility */ = {
			isa = PBXGroup;
			children = (
				478370F21E4E3A330005F587 /* ConstantsUtil.h */,
				478370F81E4E52150005F587 /* AppUtility.m */,
				478370FA1E4E52B10005F587 /* AppUtility.h */,
			);
			name = utility;
			sourceTree = "<group>";
		};
		47AE002C1E3FE8BE0037824C /* models */ = {
			isa = PBXGroup;
			children = (
				47AE002F1E3FE9110037824C /* User.h */,
				47AE002D1E3FE8F10037824C /* User.m */,
				4792238A1E4220A000674AFB /* Repo.h */,
				4792238B1E4220A000674AFB /* Repo.m */,
			);
			name = models;
			sourceTree = "<group>";
		};
		94755C22B9FC01F8EEFE0726 /* Pods */ = {
			isa = PBXGroup;
			children = (
				04200B732057E4AD0B935F03 /* Pods-iGitHub.debug.xcconfig */,
				3B3BADB170D62637BB0EC63A /* Pods-iGitHub.release.xcconfig */,
			);
			name = Pods;
			sourceTree = "<group>";
		};
		F333BA0A6056E2EA4A5D3017 /* Frameworks */ = {
			isa = PBXGroup;
			children = (
				478052D41E52367300417D06 /* CoreData.framework */,
				4714A87E1E3FDEF700D8CB1D /* Pods.xcodeproj */,
				4714A8641E3FDED600D8CB1D /* AFHTTPSessionManager.h */,
				4714A8651E3FDED600D8CB1D /* AFHTTPSessionManager.m */,
				4714A8661E3FDED600D8CB1D /* AFNetworking.h */,
				4714A8671E3FDED600D8CB1D /* AFNetworkReachabilityManager.h */,
				4714A8681E3FDED600D8CB1D /* AFNetworkReachabilityManager.m */,
				4714A8691E3FDED600D8CB1D /* AFSecurityPolicy.h */,
				4714A86A1E3FDED600D8CB1D /* AFSecurityPolicy.m */,
				4714A86B1E3FDED600D8CB1D /* AFURLRequestSerialization.h */,
				4714A86C1E3FDED600D8CB1D /* AFURLRequestSerialization.m */,
				4714A86D1E3FDED600D8CB1D /* AFURLResponseSerialization.h */,
				4714A86E1E3FDED600D8CB1D /* AFURLResponseSerialization.m */,
				4714A86F1E3FDED600D8CB1D /* AFURLSessionManager.h */,
				4714A8701E3FDED600D8CB1D /* AFURLSessionManager.m */,
				CDD0ABBF2A474521A21FE28D /* libPods-iGitHub.a */,
			);
			name = Frameworks;
			sourceTree = "<group>";
		};
/* End PBXGroup section */

/* Begin PBXNativeTarget section */
		471F48C81E3697FD00C680AA /* iGitHub */ = {
			isa = PBXNativeTarget;
			buildConfigurationList = 471F48E31E3697FE00C680AA /* Build configuration list for PBXNativeTarget "iGitHub" */;
			buildPhases = (
				82AD4D9ADDB4A64C16A53847 /* [CP] Check Pods Manifest.lock */,
				471F48C51E3697FD00C680AA /* Sources */,
				471F48C61E3697FD00C680AA /* Frameworks */,
				471F48C71E3697FD00C680AA /* Resources */,
				90173733A686E2BBB8B65EA3 /* [CP] Embed Pods Frameworks */,
				08C8BA63ADD1096598654076 /* [CP] Copy Pods Resources */,
			);
			buildRules = (
			);
			dependencies = (
			);
			name = iGitHub;
			productName = iGitHub;
			productReference = 471F48C91E3697FD00C680AA /* iGitHub.app */;
			productType = "com.apple.product-type.application";
		};
/* End PBXNativeTarget section */

/* Begin PBXProject section */
		471F48C11E3697FD00C680AA /* Project object */ = {
			isa = PBXProject;
			attributes = {
				LastUpgradeCheck = 0820;
				ORGANIZATIONNAME = "Maiko Trindade";
				TargetAttributes = {
					471F48C81E3697FD00C680AA = {
						CreatedOnToolsVersion = 8.2;
						ProvisioningStyle = Automatic;
					};
				};
			};
			buildConfigurationList = 471F48C41E3697FD00C680AA /* Build configuration list for PBXProject "iGitHub" */;
			compatibilityVersion = "Xcode 3.2";
			developmentRegion = English;
			hasScannedForEncodings = 0;
			knownRegions = (
				en,
				Base,
			);
			mainGroup = 471F48C01E3697FD00C680AA;
			productRefGroup = 471F48CA1E3697FD00C680AA /* Products */;
			projectDirPath = "";
			projectReferences = (
				{
					ProductGroup = 4714A87F1E3FDEF700D8CB1D /* Products */;
					ProjectRef = 4714A87E1E3FDEF700D8CB1D /* Pods.xcodeproj */;
				},
			);
			projectRoot = "";
			targets = (
				471F48C81E3697FD00C680AA /* iGitHub */,
			);
		};
/* End PBXProject section */

/* Begin PBXReferenceProxy section */
		4714A8841E3FDEF700D8CB1D /* libAFNetworking.a */ = {
			isa = PBXReferenceProxy;
			fileType = archive.ar;
			path = libAFNetworking.a;
			remoteRef = 4714A8831E3FDEF700D8CB1D /* PBXContainerItemProxy */;
			sourceTree = BUILT_PRODUCTS_DIR;
		};
		4714A8861E3FDEF700D8CB1D /* libPods-iGitHub.a */ = {
			isa = PBXReferenceProxy;
			fileType = archive.ar;
			path = "libPods-iGitHub.a";
			remoteRef = 4714A8851E3FDEF700D8CB1D /* PBXContainerItemProxy */;
			sourceTree = BUILT_PRODUCTS_DIR;
		};
/* End PBXReferenceProxy section */

/* Begin PBXResourcesBuildPhase section */
		471F48C71E3697FD00C680AA /* Resources */ = {
			isa = PBXResourcesBuildPhase;
			buildActionMask = 2147483647;
			files = (
				471F48DF1E3697FE00C680AA /* LaunchScreen.storyboard in Resources */,
				471F48DC1E3697FE00C680AA /* Assets.xcassets in Resources */,
				471F48D71E3697FD00C680AA /* Main.storyboard in Resources */,
				479223891E421F7600674AFB /* RepoTableViewController.xib in Resources */,
				479223831E421F1500674AFB /* ReposTableViewCell.xib in Resources */,
			);
			runOnlyForDeploymentPostprocessing = 0;
		};
/* End PBXResourcesBuildPhase section */

/* Begin PBXShellScriptBuildPhase section */
		08C8BA63ADD1096598654076 /* [CP] Copy Pods Resources */ = {
			isa = PBXShellScriptBuildPhase;
			buildActionMask = 2147483647;
			files = (
			);
			inputPaths = (
			);
			name = "[CP] Copy Pods Resources";
			outputPaths = (
			);
			runOnlyForDeploymentPostprocessing = 0;
			shellPath = /bin/sh;
			shellScript = "\"${SRCROOT}/Pods/Target Support Files/Pods-iGitHub/Pods-iGitHub-resources.sh\"\n";
			showEnvVarsInLog = 0;
		};
		82AD4D9ADDB4A64C16A53847 /* [CP] Check Pods Manifest.lock */ = {
			isa = PBXShellScriptBuildPhase;
			buildActionMask = 2147483647;
			files = (
			);
			inputPaths = (
			);
			name = "[CP] Check Pods Manifest.lock";
			outputPaths = (
			);
			runOnlyForDeploymentPostprocessing = 0;
			shellPath = /bin/sh;
			shellScript = "diff \"${PODS_ROOT}/../Podfile.lock\" \"${PODS_ROOT}/Manifest.lock\" > /dev/null\nif [ $? != 0 ] ; then\n    # print error to STDERR\n    echo \"error: The sandbox is not in sync with the Podfile.lock. Run 'pod install' or update your CocoaPods installation.\" >&2\n    exit 1\nfi\n";
			showEnvVarsInLog = 0;
		};
		90173733A686E2BBB8B65EA3 /* [CP] Embed Pods Frameworks */ = {
			isa = PBXShellScriptBuildPhase;
			buildActionMask = 2147483647;
			files = (
			);
			inputPaths = (
			);
			name = "[CP] Embed Pods Frameworks";
			outputPaths = (
			);
			runOnlyForDeploymentPostprocessing = 0;
			shellPath = /bin/sh;
			shellScript = "\"${SRCROOT}/Pods/Target Support Files/Pods-iGitHub/Pods-iGitHub-frameworks.sh\"\n";
			showEnvVarsInLog = 0;
		};
/* End PBXShellScriptBuildPhase section */

/* Begin PBXSourcesBuildPhase section */
		471F48C51E3697FD00C680AA /* Sources */ = {
			isa = PBXSourcesBuildPhase;
			buildActionMask = 2147483647;
			files = (
				471F48DA1E3697FE00C680AA /* iGitHub.xcdatamodeld in Sources */,
				479223881E421F7600674AFB /* RepoTableViewController.m in Sources */,
				478370F91E4E52150005F587 /* AppUtility.m in Sources */,
				479223821E421F1500674AFB /* ReposTableViewCell.m in Sources */,
				4792238C1E4220A000674AFB /* Repo.m in Sources */,
				471F48D41E3697FD00C680AA /* HomeViewController.m in Sources */,
				47AE002E1E3FE8F10037824C /* User.m in Sources */,
				471F48D11E3697FD00C680AA /* AppDelegate.m in Sources */,
				471F48CE1E3697FD00C680AA /* main.m in Sources */,
				4767192F1E3BE3E6006B9344 /* GetInfoViewController.m in Sources */,
			);
			runOnlyForDeploymentPostprocessing = 0;
		};
/* End PBXSourcesBuildPhase section */

/* Begin PBXVariantGroup section */
		471F48D51E3697FD00C680AA /* Main.storyboard */ = {
			isa = PBXVariantGroup;
			children = (
				471F48D61E3697FD00C680AA /* Base */,
			);
			name = Main.storyboard;
			sourceTree = "<group>";
		};
		471F48DD1E3697FE00C680AA /* LaunchScreen.storyboard */ = {
			isa = PBXVariantGroup;
			children = (
				471F48DE1E3697FE00C680AA /* Base */,
			);
			name = LaunchScreen.storyboard;
			sourceTree = "<group>";
		};
/* End PBXVariantGroup section */

/* Begin XCBuildConfiguration section */
		471F48E11E3697FE00C680AA /* Debug */ = {
			isa = XCBuildConfiguration;
			buildSettings = {
				ALWAYS_SEARCH_USER_PATHS = NO;
				CLANG_ANALYZER_NONNULL = YES;
				CLANG_CXX_LANGUAGE_STANDARD = "gnu++0x";
				CLANG_CXX_LIBRARY = "libc++";
				CLANG_ENABLE_MODULES = YES;
				CLANG_ENABLE_OBJC_ARC = YES;
				CLANG_WARN_BOOL_CONVERSION = YES;
				CLANG_WARN_CONSTANT_CONVERSION = YES;
				CLANG_WARN_DIRECT_OBJC_ISA_USAGE = YES_ERROR;
				CLANG_WARN_DOCUMENTATION_COMMENTS = YES;
				CLANG_WARN_EMPTY_BODY = YES;
				CLANG_WARN_ENUM_CONVERSION = YES;
				CLANG_WARN_INFINITE_RECURSION = YES;
				CLANG_WARN_INT_CONVERSION = YES;
				CLANG_WARN_OBJC_ROOT_CLASS = YES_ERROR;
				CLANG_WARN_SUSPICIOUS_MOVE = YES;
				CLANG_WARN_UNREACHABLE_CODE = YES;
				CLANG_WARN__DUPLICATE_METHOD_MATCH = YES;
				"CODE_SIGN_IDENTITY[sdk=iphoneos*]" = "iPhone Developer";
				COPY_PHASE_STRIP = NO;
				DEBUG_INFORMATION_FORMAT = dwarf;
				ENABLE_STRICT_OBJC_MSGSEND = YES;
				ENABLE_TESTABILITY = YES;
				GCC_C_LANGUAGE_STANDARD = gnu99;
				GCC_DYNAMIC_NO_PIC = NO;
				GCC_NO_COMMON_BLOCKS = YES;
				GCC_OPTIMIZATION_LEVEL = 0;
				GCC_PREPROCESSOR_DEFINITIONS = (
					"DEBUG=1",
					"$(inherited)",
				);
				GCC_WARN_64_TO_32_BIT_CONVERSION = YES;
				GCC_WARN_ABOUT_RETURN_TYPE = YES_ERROR;
				GCC_WARN_UNDECLARED_SELECTOR = YES;
				GCC_WARN_UNINITIALIZED_AUTOS = YES_AGGRESSIVE;
				GCC_WARN_UNUSED_FUNCTION = YES;
				GCC_WARN_UNUSED_VARIABLE = YES;
				IPHONEOS_DEPLOYMENT_TARGET = 9.3;
				MTL_ENABLE_DEBUG_INFO = YES;
				ONLY_ACTIVE_ARCH = YES;
				SDKROOT = iphoneos;
				TARGETED_DEVICE_FAMILY = "1,2";
			};
			name = Debug;
		};
		471F48E21E3697FE00C680AA /* Release */ = {
			isa = XCBuildConfiguration;
			buildSettings = {
				ALWAYS_SEARCH_USER_PATHS = NO;
				CLANG_ANALYZER_NONNULL = YES;
				CLANG_CXX_LANGUAGE_STANDARD = "gnu++0x";
				CLANG_CXX_LIBRARY = "libc++";
				CLANG_ENABLE_MODULES = YES;
				CLANG_ENABLE_OBJC_ARC = YES;
				CLANG_WARN_BOOL_CONVERSION = YES;
				CLANG_WARN_CONSTANT_CONVERSION = YES;
				CLANG_WARN_DIRECT_OBJC_ISA_USAGE = YES_ERROR;
				CLANG_WARN_DOCUMENTATION_COMMENTS = YES;
				CLANG_WARN_EMPTY_BODY = YES;
				CLANG_WARN_ENUM_CONVERSION = YES;
				CLANG_WARN_INFINITE_RECURSION = YES;
				CLANG_WARN_INT_CONVERSION = YES;
				CLANG_WARN_OBJC_ROOT_CLASS = YES_ERROR;
				CLANG_WARN_SUSPICIOUS_MOVE = YES;
				CLANG_WARN_UNREACHABLE_CODE = YES;
				CLANG_WARN__DUPLICATE_METHOD_MATCH = YES;
				"CODE_SIGN_IDENTITY[sdk=iphoneos*]" = "iPhone Developer";
				COPY_PHASE_STRIP = NO;
				DEBUG_INFORMATION_FORMAT = "dwarf-with-dsym";
				ENABLE_NS_ASSERTIONS = NO;
				ENABLE_STRICT_OBJC_MSGSEND = YES;
				GCC_C_LANGUAGE_STANDARD = gnu99;
				GCC_NO_COMMON_BLOCKS = YES;
				GCC_WARN_64_TO_32_BIT_CONVERSION = YES;
				GCC_WARN_ABOUT_RETURN_TYPE = YES_ERROR;
				GCC_WARN_UNDECLARED_SELECTOR = YES;
				GCC_WARN_UNINITIALIZED_AUTOS = YES_AGGRESSIVE;
				GCC_WARN_UNUSED_FUNCTION = YES;
				GCC_WARN_UNUSED_VARIABLE = YES;
				IPHONEOS_DEPLOYMENT_TARGET = 9.3;
				MTL_ENABLE_DEBUG_INFO = NO;
				SDKROOT = iphoneos;
				TARGETED_DEVICE_FAMILY = "1,2";
				VALIDATE_PRODUCT = YES;
			};
			name = Release;
		};
		471F48E41E3697FE00C680AA /* Debug */ = {
			isa = XCBuildConfiguration;
			baseConfigurationReference = 04200B732057E4AD0B935F03 /* Pods-iGitHub.debug.xcconfig */;
			buildSettings = {
				ASSETCATALOG_COMPILER_APPICON_NAME = AppIcon;
				DEVELOPMENT_TEAM = "";
				INFOPLIST_FILE = iGitHub/Info.plist;
				LD_RUNPATH_SEARCH_PATHS = "$(inherited) @executable_path/Frameworks";
				PRODUCT_BUNDLE_IDENTIFIER = br.com.maikotrindade.iGitHub;
				PRODUCT_NAME = "$(TARGET_NAME)";
			};
			name = Debug;
		};
		471F48E51E3697FE00C680AA /* Release */ = {
			isa = XCBuildConfiguration;
			baseConfigurationReference = 3B3BADB170D62637BB0EC63A /* Pods-iGitHub.release.xcconfig */;
			buildSettings = {
				ASSETCATALOG_COMPILER_APPICON_NAME = AppIcon;
				DEVELOPMENT_TEAM = "";
				INFOPLIST_FILE = iGitHub/Info.plist;
				LD_RUNPATH_SEARCH_PATHS = "$(inherited) @executable_path/Frameworks";
				PRODUCT_BUNDLE_IDENTIFIER = br.com.maikotrindade.iGitHub;
				PRODUCT_NAME = "$(TARGET_NAME)";
			};
			name = Release;
		};
/* End XCBuildConfiguration section */

/* Begin XCConfigurationList section */
		471F48C41E3697FD00C680AA /* Build configuration list for PBXProject "iGitHub" */ = {
			isa = XCConfigurationList;
			buildConfigurations = (
				471F48E11E3697FE00C680AA /* Debug */,
				471F48E21E3697FE00C680AA /* Release */,
			);
			defaultConfigurationIsVisible = 0;
			defaultConfigurationName = Debug;
		};
		471F48E31E3697FE00C680AA /* Build configuration list for PBXNativeTarget "iGitHub" */ = {
			isa = XCConfigurationList;
			buildConfigurations = (
				471F48E41E3697FE00C680AA /* Debug */,
				471F48E51E3697FE00C680AA /* Release */,
			);
			defaultConfigurationIsVisible = 0;
			defaultConfigurationName = Debug;
		};
/* End XCConfigurationList section */

/* Begin XCVersionGroup section */
		471F48D81E3697FE00C680AA /* iGitHub.xcdatamodeld */ = {
			isa = XCVersionGroup;
			children = (
				471F48D91E3697FE00C680AA /* iGitHub.xcdatamodel */,
			);
			currentVersion = 471F48D91E3697FE00C680AA /* iGitHub.xcdatamodel */;
			path = iGitHub.xcdatamodeld;
			sourceTree = "<group>";
			versionGroupType = wrapper.xcdatamodel;
		};
/* End XCVersionGroup section */
	};
	rootObject = 471F48C11E3697FD00C680AA /* Project object */;
}
